Microsoft Visual Studio Solution File, Format Version 12.00
# Visual Studio Version 17
VisualStudioVersion = 17.5.2.0
MinimumVisualStudioVersion = 10.0.40219.1
Project("{2150E333-8FDC-42A3-9474-1A3956D46DE8}") = "Source", "Source", "{B8EFCA5F-814F-285C-A8CB-F00F14650265}"
EndProject
Project("{FAE04EC0-301F-11D3-BF4B-00C04F79EFBC}") = "CameraPlus", "Source\16\CameraPlus.csproj", "{920C32F3-3D9A-7015-6557-3A814357636A}"
EndProject
Global
	GlobalSection(SolutionConfigurationPlatforms) = preSolution
		Debug|Any CPU = Debug|Any CPU
		Release|Any CPU = Release|Any CPU
	EndGlobalSection
	GlobalSection(ProjectConfigurationPlatforms) = postSolution
		{920C32F3-3D9A-7015-6557-3A814357636A}.Debug|Any CPU.ActiveCfg = Debug|Any CPU
		{920C32F3-3D9A-7015-6557-3A814357636A}.Debug|Any CPU.Build.0 = Debug|Any CPU
		{920C32F3-3D9A-7015-6557-3A814357636A}.Release|Any CPU.ActiveCfg = Release|Any CPU
		{920C32F3-3D9A-7015-6557-3A814357636A}.Release|Any CPU.Build.0 = Release|Any CPU
	EndGlobalSection
	GlobalSection(SolutionProperties) = preSolution
		HideSolutionNode = FALSE
	EndGlobalSection
	GlobalSection(NestedProjects) = preSolution
		{920C32F3-3D9A-7015-6557-3A814357636A} = {B8EFCA5F-814F-285C-A8CB-F00F14650265}
	EndGlobalSection
	GlobalSection(ExtensibilityGlobals) = postSolution
		SolutionGuid = {BEB86668-0147-481A-B68A-FABA7F25076F}
	EndGlobalSection
EndGlobal
